// !$*UTF8*$!
{
	archiveVersion = 1;
	classes = {
	};
	objectVersion = 54;
	objects = {

/* Begin PBXBuildFile section */
		4215A970241C385800FA8CE8 /* Modifiers.swift in Sources */ = {isa = PBXBuildFile; fileRef = 4215A96F241C385800FA8CE8 /* Modifiers.swift */; };
		4215A972241D446C00FA8CE8 /* WindowHandler.swift in Sources */ = {isa = PBXBuildFile; fileRef = 4215A971241D446C00FA8CE8 /* WindowHandler.swift */; };
		4215A974241D463600FA8CE8 /* Intention.swift in Sources */ = {isa = PBXBuildFile; fileRef = 4215A973241D463600FA8CE8 /* Intention.swift */; };
		4215A976241D809600FA8CE8 /* Mouse.swift in Sources */ = {isa = PBXBuildFile; fileRef = 4215A975241D809600FA8CE8 /* Mouse.swift */; };
		4215A978241D8AD100FA8CE8 /* AccessibilityElement.swift in Sources */ = {isa = PBXBuildFile; fileRef = 4215A977241D8AD100FA8CE8 /* AccessibilityElement.swift */; };
		4215A97A241D94D000FA8CE8 /* StatusItem.swift in Sources */ = {isa = PBXBuildFile; fileRef = 4215A979241D94D000FA8CE8 /* StatusItem.swift */; };
		4215A97D241D970E00FA8CE8 /* Defaults in Frameworks */ = {isa = PBXBuildFile; productRef = 4215A97C241D970E00FA8CE8 /* Defaults */; };
		4215A97F241D975E00FA8CE8 /* Defaults.swift in Sources */ = {isa = PBXBuildFile; fileRef = 4215A97E241D975E00FA8CE8 /* Defaults.swift */; };
		4227577F2C1B95B600773782 /* Settings in Frameworks */ = {isa = PBXBuildFile; productRef = 4227577E2C1B95B600773782 /* Settings */; };
		424987E72768C0050056FBEB /* Sparkle in Frameworks */ = {isa = PBXBuildFile; productRef = 424987E62768C0050056FBEB /* Sparkle */; };
		42A1B2C42F4D000000000001 /* main.swift in Sources */ = {isa = PBXBuildFile; fileRef = 42A1B2C42F4D000000000002 /* main.swift */; };
		42B2A1532418317300CDEA5E /* AppDelegate.swift in Sources */ = {isa = PBXBuildFile; fileRef = 42B2A1522418317300CDEA5E /* AppDelegate.swift */; };
		42B2A1572418317400CDEA5E /* Assets.xcassets in Resources */ = {isa = PBXBuildFile; fileRef = 42B2A1562418317400CDEA5E /* Assets.xcassets */; };
		42B2A1692418317500CDEA5E /* MovesTests.swift in Sources */ = {isa = PBXBuildFile; fileRef = 42B2A1682418317500CDEA5E /* MovesTests.swift */; };
		42B2A1752418458400CDEA5E /* AXSwift in Frameworks */ = {isa = PBXBuildFile; productRef = 42B2A1742418458400CDEA5E /* AXSwift */; };
		42BA5BB82DD335C000399BF4 /* ActiveWindow.swift in Sources */ = {isa = PBXBuildFile; fileRef = 42BA5BB72DD335C000399BF4 /* ActiveWindow.swift */; };
		42BA5BBA2DD368DD00399BF4 /* WindowTemplate.swift in Sources */ = {isa = PBXBuildFile; fileRef = 42BA5BB92DD368DD00399BF4 /* WindowTemplate.swift */; };
		42C9E5B82F3B8AEE00A1B2C3 /* ResizeModePreviewView.swift in Sources */ = {isa = PBXBuildFile; fileRef = 42C9E5B72F3B8AEE00A1B2C3 /* ResizeModePreviewView.swift */; };
		42C9E5BA2F3B8B0D00A1B2C3 /* SettingsViews.swift in Sources */ = {isa = PBXBuildFile; fileRef = 42C9E5B92F3B8B0D00A1B2C3 /* SettingsViews.swift */; };
		42D6FA8B255C1EC500623669 /* LaunchAtLogin in Frameworks */ = {isa = PBXBuildFile; productRef = 42D6FA8A255C1EC500623669 /* LaunchAtLogin */; };
		42FD3E04242DD54D00E4E639 /* String+matchingStrings.swift in Sources */ = {isa = PBXBuildFile; fileRef = 42FD3E03242DD54D00E4E639 /* String+matchingStrings.swift */; };
/* End PBXBuildFile section */

/* Begin PBXContainerItemProxy section */
		42B2A1652418317500CDEA5E /* PBXContainerItemProxy */ = {
			isa = PBXContainerItemProxy;
			containerPortal = 42B2A1472418317300CDEA5E /* Project object */;
			proxyType = 1;
			remoteGlobalIDString = 42B2A14E2418317300CDEA5E;
			remoteInfo = Moves;
		};
/* End PBXContainerItemProxy section */

/* Begin PBXCopyFilesBuildPhase section */
		420870D9241FB71600B13E9E /* Copy Frameworks */ = {
			isa = PBXCopyFilesBuildPhase;
			buildActionMask = 2147483647;
			dstPath = "";
			dstSubfolderSpec = 10;
			files = (
			);
			name = "Copy Frameworks";
			runOnlyForDeploymentPostprocessing = 0;
		};
		4215A987241DA15800FA8CE8 /* Embed Frameworks */ = {
			isa = PBXCopyFilesBuildPhase;
			buildActionMask = 2147483647;
			dstPath = "";
			dstSubfolderSpec = 10;
			files = (
			);
			name = "Embed Frameworks";
			runOnlyForDeploymentPostprocessing = 0;
		};
/* End PBXCopyFilesBuildPhase section */

/* Begin PBXFileReference section */
		4215A96F241C385800FA8CE8 /* Modifiers.swift */ = {isa = PBXFileReference; lastKnownFileType = sourcecode.swift; path = Modifiers.swift; sourceTree = "<group>"; };
		4215A971241D446C00FA8CE8 /* WindowHandler.swift */ = {isa = PBXFileReference; lastKnownFileType = sourcecode.swift; path = WindowHandler.swift; sourceTree = "<group>"; };
		4215A973241D463600FA8CE8 /* Intention.swift */ = {isa = PBXFileReference; lastKnownFileType = sourcecode.swift; path = Intention.swift; sourceTree = "<group>"; };
		4215A975241D809600FA8CE8 /* Mouse.swift */ = {isa = PBXFileReference; lastKnownFileType = sourcecode.swift; path = Mouse.swift; sourceTree = "<group>"; };
		4215A977241D8AD100FA8CE8 /* AccessibilityElement.swift */ = {isa = PBXFileReference; lastKnownFileType = sourcecode.swift; path = AccessibilityElement.swift; sourceTree = "<group>"; };
		4215A979241D94D000FA8CE8 /* StatusItem.swift */ = {isa = PBXFileReference; lastKnownFileType = sourcecode.swift; path = StatusItem.swift; sourceTree = "<group>"; };
		4215A97E241D975E00FA8CE8 /* Defaults.swift */ = {isa = PBXFileReference; lastKnownFileType = sourcecode.swift; path = Defaults.swift; sourceTree = "<group>"; };
		42A1B2C42F4D000000000002 /* main.swift */ = {isa = PBXFileReference; lastKnownFileType = sourcecode.swift; path = main.swift; sourceTree = "<group>"; };
		42B2A14F2418317300CDEA5E /* Moves.app */ = {isa = PBXFileReference; explicitFileType = wrapper.application; includeInIndex = 0; path = Moves.app; sourceTree = BUILT_PRODUCTS_DIR; };
		42B2A1522418317300CDEA5E /* AppDelegate.swift */ = {isa = PBXFileReference; lastKnownFileType = sourcecode.swift; path = AppDelegate.swift; sourceTree = "<group>"; };
		42B2A1562418317400CDEA5E /* Assets.xcassets */ = {isa = PBXFileReference; lastKnownFileType = folder.assetcatalog; path = Assets.xcassets; sourceTree = "<group>"; };
		42B2A15E2418317400CDEA5E /* Info.plist */ = {isa = PBXFileReference; lastKnownFileType = text.plist.xml; path = Info.plist; sourceTree = "<group>"; };
		42B2A15F2418317400CDEA5E /* Moves.entitlements */ = {isa = PBXFileReference; lastKnownFileType = text.plist.entitlements; path = Moves.entitlements; sourceTree = "<group>"; };
		42B2A1642418317500CDEA5E /* MovesTests.xctest */ = {isa = PBXFileReference; explicitFileType = wrapper.cfbundle; includeInIndex = 0; path = MovesTests.xctest; sourceTree = BUILT_PRODUCTS_DIR; };
		42B2A1682418317500CDEA5E /* MovesTests.swift */ = {isa = PBXFileReference; lastKnownFileType = sourcecode.swift; path = MovesTests.swift; sourceTree = "<group>"; };
		42B2A16A2418317500CDEA5E /* Info.plist */ = {isa = PBXFileReference; lastKnownFileType = text.plist.xml; path = Info.plist; sourceTree = "<group>"; };
		42BA5BB72DD335C000399BF4 /* ActiveWindow.swift */ = {isa = PBXFileReference; lastKnownFileType = sourcecode.swift; path = ActiveWindow.swift; sourceTree = "<group>"; };
		42BA5BB92DD368DD00399BF4 /* WindowTemplate.swift */ = {isa = PBXFileReference; lastKnownFileType = sourcecode.swift; path = WindowTemplate.swift; sourceTree = "<group>"; };
		42C9E5B72F3B8AEE00A1B2C3 /* ResizeModePreviewView.swift */ = {isa = PBXFileReference; lastKnownFileType = sourcecode.swift; path = ResizeModePreviewView.swift; sourceTree = "<group>"; };
		42C9E5B92F3B8B0D00A1B2C3 /* SettingsViews.swift */ = {isa = PBXFileReference; lastKnownFileType = sourcecode.swift; path = SettingsViews.swift; sourceTree = "<group>"; };
		42FD3E03242DD54D00E4E639 /* String+matchingStrings.swift */ = {isa = PBXFileReference; lastKnownFileType = sourcecode.swift; path = "String+matchingStrings.swift"; sourceTree = "<group>"; };
/* End PBXFileReference section */

/* Begin PBXFrameworksBuildPhase section */
		42B2A14C2418317300CDEA5E /* Frameworks */ = {
			isa = PBXFrameworksBuildPhase;
			buildActionMask = 2147483647;
			files = (
				4227577F2C1B95B600773782 /* Settings in Frameworks */,
				424987E72768C0050056FBEB /* Sparkle in Frameworks */,
				4215A97D241D970E00FA8CE8 /* Defaults in Frameworks */,
				42B2A1752418458400CDEA5E /* AXSwift in Frameworks */,
				42D6FA8B255C1EC500623669 /* LaunchAtLogin in Frameworks */,
			);
			runOnlyForDeploymentPostprocessing = 0;
		};
		42B2A1612418317500CDEA5E /* Frameworks */ = {
			isa = PBXFrameworksBuildPhase;
			buildActionMask = 2147483647;
			files = (
			);
			runOnlyForDeploymentPostprocessing = 0;
		};
/* End PBXFrameworksBuildPhase section */

/* Begin PBXGroup section */
		42B2A1462418317300CDEA5E = {
			isa = PBXGroup;
			children = (
				42B2A1512418317300CDEA5E /* Moves */,
				42B2A1672418317500CDEA5E /* MovesTests */,
				42B2A1502418317300CDEA5E /* Products */,
			);
			sourceTree = "<group>";
		};
		42B2A1502418317300CDEA5E /* Products */ = {
			isa = PBXGroup;
			children = (
				42B2A14F2418317300CDEA5E /* Moves.app */,
				42B2A1642418317500CDEA5E /* MovesTests.xctest */,
			);
			name = Products;
			sourceTree = "<group>";
		};
		42B2A1512418317300CDEA5E /* Moves */ = {
			isa = PBXGroup;
			children = (
				42B2A15F2418317400CDEA5E /* Moves.entitlements */,
				42B2A15E2418317400CDEA5E /* Info.plist */,
				4215A977241D8AD100FA8CE8 /* AccessibilityElement.swift */,
				42BA5BB72DD335C000399BF4 /* ActiveWindow.swift */,
				42B2A1522418317300CDEA5E /* AppDelegate.swift */,
				4215A97E241D975E00FA8CE8 /* Defaults.swift */,
				42A1B2C42F4D000000000002 /* main.swift */,
				4215A973241D463600FA8CE8 /* Intention.swift */,
				4215A96F241C385800FA8CE8 /* Modifiers.swift */,
				4215A975241D809600FA8CE8 /* Mouse.swift */,
				4215A979241D94D000FA8CE8 /* StatusItem.swift */,
				42FD3E03242DD54D00E4E639 /* String+matchingStrings.swift */,
				42C9E5B92F3B8B0D00A1B2C3 /* SettingsViews.swift */,
				4215A971241D446C00FA8CE8 /* WindowHandler.swift */,
				42C9E5B72F3B8AEE00A1B2C3 /* ResizeModePreviewView.swift */,
				42BA5BB92DD368DD00399BF4 /* WindowTemplate.swift */,
				42B2A1562418317400CDEA5E /* Assets.xcassets */,
			);
			path = Moves;
			sourceTree = "<group>";
		};
		42B2A1672418317500CDEA5E /* MovesTests */ = {
			isa = PBXGroup;
			children = (
				42B2A1682418317500CDEA5E /* MovesTests.swift */,
				42B2A16A2418317500CDEA5E /* Info.plist */,
			);
			path = MovesTests;
			sourceTree = "<group>";
		};
/* End PBXGroup section */

/* Begin PBXNativeTarget section */
		42B2A14E2418317300CDEA5E /* Moves */ = {
			isa = PBXNativeTarget;
			buildConfigurationList = 42B2A16D2418317500CDEA5E /* Build configuration list for PBXNativeTarget "Moves" */;
			buildPhases = (
				42A7CF782448F6BB00062AB7 /* Swift Format */,
				42B2A14B2418317300CDEA5E /* Sources */,
				42B2A14C2418317300CDEA5E /* Frameworks */,
				42B2A14D2418317300CDEA5E /* Resources */,
				4215A987241DA15800FA8CE8 /* Embed Frameworks */,
				420870D9241FB71600B13E9E /* Copy Frameworks */,
			);
			buildRules = (
			);
			dependencies = (
			);
			name = Moves;
			packageProductDependencies = (
				42B2A1742418458400CDEA5E /* AXSwift */,
				4215A97C241D970E00FA8CE8 /* Defaults */,
				42D6FA8A255C1EC500623669 /* LaunchAtLogin */,
				424987E62768C0050056FBEB /* Sparkle */,
				4227577E2C1B95B600773782 /* Settings */,
			);
			productName = Moves;
			productReference = 42B2A14F2418317300CDEA5E /* Moves.app */;
			productType = "com.apple.product-type.application";
		};
		42B2A1632418317500CDEA5E /* MovesTests */ = {
			isa = PBXNativeTarget;
			buildConfigurationList = 42B2A1702418317500CDEA5E /* Build configuration list for PBXNativeTarget "MovesTests" */;
			buildPhases = (
				42B2A1602418317500CDEA5E /* Sources */,
				42B2A1612418317500CDEA5E /* Frameworks */,
				42B2A1622418317500CDEA5E /* Resources */,
			);
			buildRules = (
			);
			dependencies = (
				42B2A1662418317500CDEA5E /* PBXTargetDependency */,
			);
			name = MovesTests;
			productName = MovesTests;
			productReference = 42B2A1642418317500CDEA5E /* MovesTests.xctest */;
			productType = "com.apple.product-type.bundle.unit-test";
		};
/* End PBXNativeTarget section */

/* Begin PBXProject section */
		42B2A1472418317300CDEA5E /* Project object */ = {
			isa = PBXProject;
			attributes = {
				BuildIndependentTargetsInParallel = YES;
				LastSwiftUpdateCheck = 1130;
				LastUpgradeCheck = 2620;
				ORGANIZATIONNAME = Brainbow;
				TargetAttributes = {
					42B2A14E2418317300CDEA5E = {
						CreatedOnToolsVersion = 11.3.1;
					};
					42B2A1632418317500CDEA5E = {
						CreatedOnToolsVersion = 11.3.1;
						TestTargetID = 42B2A14E2418317300CDEA5E;
					};
				};
			};
			buildConfigurationList = 42B2A14A2418317300CDEA5E /* Build configuration list for PBXProject "Moves" */;
			compatibilityVersion = "Xcode 9.3";
			developmentRegion = en;
			hasScannedForEncodings = 0;
			knownRegions = (
				en,
				Base,
			);
			mainGroup = 42B2A1462418317300CDEA5E;
			packageReferences = (
				42B2A1732418458400CDEA5E /* XCRemoteSwiftPackageReference "AXSwift" */,
				4215A97B241D970E00FA8CE8 /* XCRemoteSwiftPackageReference "Defaults" */,
				42D6FA89255C1EC500623669 /* XCRemoteSwiftPackageReference "LaunchAtLogin-Modern" */,
				424987E52768C0050056FBEB /* XCRemoteSwiftPackageReference "Sparkle" */,
				4227577D2C1B95B600773782 /* XCRemoteSwiftPackageReference "Settings" */,
			);
			productRefGroup = 42B2A1502418317300CDEA5E /* Products */;
			projectDirPath = "";
			projectRoot = "";
			targets = (
				42B2A14E2418317300CDEA5E /* Moves */,
				42B2A1632418317500CDEA5E /* MovesTests */,
			);
		};
/* End PBXProject section */

/* Begin PBXResourcesBuildPhase section */
		42B2A14D2418317300CDEA5E /* Resources */ = {
			isa = PBXResourcesBuildPhase;
			buildActionMask = 2147483647;
			files = (
				42B2A1572418317400CDEA5E /* Assets.xcassets in Resources */,
			);
			runOnlyForDeploymentPostprocessing = 0;
		};
		42B2A1622418317500CDEA5E /* Resources */ = {
			isa = PBXResourcesBuildPhase;
			buildActionMask = 2147483647;
			files = (
			);
			runOnlyForDeploymentPostprocessing = 0;
		};
/* End PBXResourcesBuildPhase section */

/* Begin PBXShellScriptBuildPhase section */
		42A7CF782448F6BB00062AB7 /* Swift Format */ = {
			isa = PBXShellScriptBuildPhase;
			alwaysOutOfDate = 1;
			buildActionMask = 2147483647;
			files = (
			);
			inputFileListPaths = (
			);
			inputPaths = (
			);
			name = "Swift Format";
			outputFileListPaths = (
			);
			outputPaths = (
			);
			runOnlyForDeploymentPostprocessing = 0;
			shellPath = /bin/sh;
			shellScript = "# Type a script or drag a script file from your workspace to insert its path.\n/usr/bin/swift format -r -i .\n";
		};
/* End PBXShellScriptBuildPhase section */

/* Begin PBXSourcesBuildPhase section */
		42B2A14B2418317300CDEA5E /* Sources */ = {
			isa = PBXSourcesBuildPhase;
			buildActionMask = 2147483647;
			files = (
				4215A97F241D975E00FA8CE8 /* Defaults.swift in Sources */,
				4215A972241D446C00FA8CE8 /* WindowHandler.swift in Sources */,
				4215A976241D809600FA8CE8 /* Mouse.swift in Sources */,
				42C9E5BA2F3B8B0D00A1B2C3 /* SettingsViews.swift in Sources */,
				42C9E5B82F3B8AEE00A1B2C3 /* ResizeModePreviewView.swift in Sources */,
				42FD3E04242DD54D00E4E639 /* String+matchingStrings.swift in Sources */,
				4215A970241C385800FA8CE8 /* Modifiers.swift in Sources */,
				42BA5BBA2DD368DD00399BF4 /* WindowTemplate.swift in Sources */,
				42B2A1532418317300CDEA5E /* AppDelegate.swift in Sources */,
				4215A974241D463600FA8CE8 /* Intention.swift in Sources */,
				42BA5BB82DD335C000399BF4 /* ActiveWindow.swift in Sources */,
				4215A97A241D94D000FA8CE8 /* StatusItem.swift in Sources */,
				4215A978241D8AD100FA8CE8 /* AccessibilityElement.swift in Sources */,
				42A1B2C42F4D000000000001 /* main.swift in Sources */,
			);
			runOnlyForDeploymentPostprocessing = 0;
		};
		42B2A1602418317500CDEA5E /* Sources */ = {
			isa = PBXSourcesBuildPhase;
			buildActionMask = 2147483647;
			files = (
				42B2A1692418317500CDEA5E /* MovesTests.swift in Sources */,
			);
			runOnlyForDeploymentPostprocessing = 0;
		};
/* End PBXSourcesBuildPhase section */

/* Begin PBXTargetDependency section */
		42B2A1662418317500CDEA5E /* PBXTargetDependency */ = {
			isa = PBXTargetDependency;
			target = 42B2A14E2418317300CDEA5E /* Moves */;
			targetProxy = 42B2A1652418317500CDEA5E /* PBXContainerItemProxy */;
		};
/* End PBXTargetDependency section */

/* Begin XCBuildConfiguration section */
		42B2A16B2418317500CDEA5E /* Debug */ = {
			isa = XCBuildConfiguration;
			buildSettings = {
				ALWAYS_SEARCH_USER_PATHS = NO;
				ASSETCATALOG_COMPILER_GENERATE_SWIFT_ASSET_SYMBOL_EXTENSIONS = YES;
				CLANG_ANALYZER_NONNULL = YES;
				CLANG_ANALYZER_NUMBER_OBJECT_CONVERSION = YES_AGGRESSIVE;
				CLANG_CXX_LANGUAGE_STANDARD = "gnu++14";
				CLANG_CXX_LIBRARY = "libc++";
				CLANG_ENABLE_MODULES = YES;
				CLANG_ENABLE_OBJC_ARC = YES;
				CLANG_ENABLE_OBJC_WEAK = YES;
				CLANG_WARN_BLOCK_CAPTURE_AUTORELEASING = YES;
				CLANG_WARN_BOOL_CONVERSION = YES;
				CLANG_WARN_COMMA = YES;
				CLANG_WARN_CONSTANT_CONVERSION = YES;
				CLANG_WARN_DEPRECATED_OBJC_IMPLEMENTATIONS = YES;
				CLANG_WARN_DIRECT_OBJC_ISA_USAGE = YES_ERROR;
				CLANG_WARN_DOCUMENTATION_COMMENTS = YES;
				CLANG_WARN_EMPTY_BODY = YES;
				CLANG_WARN_ENUM_CONVERSION = YES;
				CLANG_WARN_INFINITE_RECURSION = YES;
				CLANG_WARN_INT_CONVERSION = YES;
				CLANG_WARN_NON_LITERAL_NULL_CONVERSION = YES;
				CLANG_WARN_OBJC_IMPLICIT_RETAIN_SELF = YES;
				CLANG_WARN_OBJC_LITERAL_CONVERSION = YES;
				CLANG_WARN_OBJC_ROOT_CLASS = YES_ERROR;
				CLANG_WARN_QUOTED_INCLUDE_IN_FRAMEWORK_HEADER = YES;
				CLANG_WARN_RANGE_LOOP_ANALYSIS = YES;
				CLANG_WARN_STRICT_PROTOTYPES = YES;
				CLANG_WARN_SUSPICIOUS_MOVE = YES;
				CLANG_WARN_UNGUARDED_AVAILABILITY = YES_AGGRESSIVE;
				CLANG_WARN_UNREACHABLE_CODE = YES;
				CLANG_WARN__DUPLICATE_METHOD_MATCH = YES;
				COPY_PHASE_STRIP = NO;
				DEAD_CODE_STRIPPING = YES;
				DEBUG_INFORMATION_FORMAT = dwarf;
				DEVELOPMENT_TEAM = DDB8SQMXS9;
				ENABLE_STRICT_OBJC_MSGSEND = YES;
				ENABLE_TESTABILITY = YES;
				ENABLE_USER_SCRIPT_SANDBOXING = YES;
				GCC_C_LANGUAGE_STANDARD = gnu11;
				GCC_DYNAMIC_NO_PIC = NO;
				GCC_NO_COMMON_BLOCKS = YES;
				GCC_OPTIMIZATION_LEVEL = 0;
				GCC_PREPROCESSOR_DEFINITIONS = (
					"DEBUG=1",
					"$(inherited)",
				);
				GCC_WARN_64_TO_32_BIT_CONVERSION = YES;
				GCC_WARN_ABOUT_RETURN_TYPE = YES_ERROR;
				GCC_WARN_UNDECLARED_SELECTOR = YES;
				GCC_WARN_UNINITIALIZED_AUTOS = YES_AGGRESSIVE;
				GCC_WARN_UNUSED_FUNCTION = YES;
				GCC_WARN_UNUSED_VARIABLE = YES;
				MACOSX_DEPLOYMENT_TARGET = 10.13.4;
				MTL_ENABLE_DEBUG_INFO = INCLUDE_SOURCE;
				MTL_FAST_MATH = YES;
				ONLY_ACTIVE_ARCH = YES;
				SDKROOT = macosx;
				STRING_CATALOG_GENERATE_SYMBOLS = YES;
				SWIFT_ACTIVE_COMPILATION_CONDITIONS = DEBUG;
				SWIFT_OPTIMIZATION_LEVEL = "-Onone";
			};
			name = Debug;
		};
		42B2A16C2418317500CDEA5E /* Release */ = {
			isa = XCBuildConfiguration;
			buildSettings = {
				ALWAYS_SEARCH_USER_PATHS = NO;
				ASSETCATALOG_COMPILER_GENERATE_SWIFT_ASSET_SYMBOL_EXTENSIONS = YES;
				CLANG_ANALYZER_NONNULL = YES;
				CLANG_ANALYZER_NUMBER_OBJECT_CONVERSION = YES_AGGRESSIVE;
				CLANG_CXX_LANGUAGE_STANDARD = "gnu++14";
				CLANG_CXX_LIBRARY = "libc++";
				CLANG_ENABLE_MODULES = YES;
				CLANG_ENABLE_OBJC_ARC = YES;
				CLANG_ENABLE_OBJC_WEAK = YES;
				CLANG_WARN_BLOCK_CAPTURE_AUTORELEASING = YES;
				CLANG_WARN_BOOL_CONVERSION = YES;
				CLANG_WARN_COMMA = YES;
				CLANG_WARN_CONSTANT_CONVERSION = YES;
				CLANG_WARN_DEPRECATED_OBJC_IMPLEMENTATIONS = YES;
				CLANG_WARN_DIRECT_OBJC_ISA_USAGE = YES_ERROR;
				CLANG_WARN_DOCUMENTATION_COMMENTS = YES;
				CLANG_WARN_EMPTY_BODY = YES;
				CLANG_WARN_ENUM_CONVERSION = YES;
				CLANG_WARN_INFINITE_RECURSION = YES;
				CLANG_WARN_INT_CONVERSION = YES;
				CLANG_WARN_NON_LITERAL_NULL_CONVERSION = YES;
				CLANG_WARN_OBJC_IMPLICIT_RETAIN_SELF = YES;
				CLANG_WARN_OBJC_LITERAL_CONVERSION = YES;
				CLANG_WARN_OBJC_ROOT_CLASS = YES_ERROR;
				CLANG_WARN_QUOTED_INCLUDE_IN_FRAMEWORK_HEADER = YES;
				CLANG_WARN_RANGE_LOOP_ANALYSIS = YES;
				CLANG_WARN_STRICT_PROTOTYPES = YES;
				CLANG_WARN_SUSPICIOUS_MOVE = YES;
				CLANG_WARN_UNGUARDED_AVAILABILITY = YES_AGGRESSIVE;
				CLANG_WARN_UNREACHABLE_CODE = YES;
				CLANG_WARN__DUPLICATE_METHOD_MATCH = YES;
				COPY_PHASE_STRIP = NO;
				DEAD_CODE_STRIPPING = YES;
				DEBUG_INFORMATION_FORMAT = "dwarf-with-dsym";
				DEVELOPMENT_TEAM = DDB8SQMXS9;
				ENABLE_NS_ASSERTIONS = NO;
				ENABLE_STRICT_OBJC_MSGSEND = YES;
				ENABLE_USER_SCRIPT_SANDBOXING = YES;
				GCC_C_LANGUAGE_STANDARD = gnu11;
				GCC_NO_COMMON_BLOCKS = YES;
				GCC_WARN_64_TO_32_BIT_CONVERSION = YES;
				GCC_WARN_ABOUT_RETURN_TYPE = YES_ERROR;
				GCC_WARN_UNDECLARED_SELECTOR = YES;
				GCC_WARN_UNINITIALIZED_AUTOS = YES_AGGRESSIVE;
				GCC_WARN_UNUSED_FUNCTION = YES;
				GCC_WARN_UNUSED_VARIABLE = YES;
				MACOSX_DEPLOYMENT_TARGET = 10.13.4;
				MTL_ENABLE_DEBUG_INFO = NO;
				MTL_FAST_MATH = YES;
				SDKROOT = macosx;
				STRING_CATALOG_GENERATE_SYMBOLS = YES;
				SWIFT_COMPILATION_MODE = wholemodule;
				SWIFT_OPTIMIZATION_LEVEL = "-O";
			};
			name = Release;
		};
		42B2A16E2418317500CDEA5E /* Debug */ = {
			isa = XCBuildConfiguration;
			buildSettings = {
				ASSETCATALOG_COMPILER_APPICON_NAME = AppIcon;
				CODE_SIGN_ENTITLEMENTS = Moves/Moves.entitlements;
				CODE_SIGN_IDENTITY = "Apple Development";
				CODE_SIGN_STYLE = Automatic;
				COMBINE_HIDPI_IMAGES = YES;
				CURRENT_PROJECT_VERSION = 122;
				DEAD_CODE_STRIPPING = YES;
				ENABLE_HARDENED_RUNTIME = YES;
				GCC_ENABLE_OBJC_EXCEPTIONS = YES;
				INFOPLIST_FILE = Moves/Info.plist;
				INFOPLIST_KEY_CFBundleDisplayName = "Moves Dev";
				INFOPLIST_KEY_LSApplicationCategoryType = "public.app-category.utilities";
				LD_RUNPATH_SEARCH_PATHS = (
					"$(LD_RUNPATH_SEARCH_PATHS_$(IS_MACCATALYST))",
					"$(inherited)",
					"@executable_path/../Frameworks",
					"@loader_path/../Frameworks",
				);
				MACOSX_DEPLOYMENT_TARGET = 13.0;
				MARKETING_VERSION = 1.9.1;
				MOVES_URL_NAME = com.brnbw.moves.dev;
				MOVES_URL_SCHEME = "moves-dev";
				PRODUCT_BUNDLE_IDENTIFIER = com.brnbw.Moves.dev;
				PRODUCT_NAME = "Moves Dev";
				SWIFT_VERSION = 5.0;
			};
			name = Debug;
		};
		42B2A16F2418317500CDEA5E /* Release */ = {
			isa = XCBuildConfiguration;
			buildSettings = {
				ASSETCATALOG_COMPILER_APPICON_NAME = AppIcon;
				CODE_SIGN_ENTITLEMENTS = Moves/Moves.entitlements;
				CODE_SIGN_IDENTITY = "Apple Development";
				CODE_SIGN_STYLE = Automatic;
				COMBINE_HIDPI_IMAGES = YES;
				CURRENT_PROJECT_VERSION = 122;
				DEAD_CODE_STRIPPING = YES;
				ENABLE_HARDENED_RUNTIME = YES;
				GCC_ENABLE_OBJC_EXCEPTIONS = YES;
				INFOPLIST_FILE = Moves/Info.plist;
				INFOPLIST_KEY_CFBundleDisplayName = Moves;
				INFOPLIST_KEY_LSApplicationCategoryType = "public.app-category.utilities";
				LD_RUNPATH_SEARCH_PATHS = (
					"$(LD_RUNPATH_SEARCH_PATHS_$(IS_MACCATALYST))",
					"$(inherited)",
					"@executable_path/../Frameworks",
					"@loader_path/../Frameworks",
				);
				MACOSX_DEPLOYMENT_TARGET = 13.0;
				MARKETING_VERSION = 1.9.1;
				MOVES_URL_NAME = com.brnbw.moves;
				MOVES_URL_SCHEME = moves;
				PRODUCT_BUNDLE_IDENTIFIER = com.brnbw.Moves;
				PRODUCT_NAME = "$(TARGET_NAME)";
				SWIFT_VERSION = 5.0;
			};
			name = Release;
		};
		42B2A1712418317500CDEA5E /* Debug */ = {
			isa = XCBuildConfiguration;
			buildSettings = {
				BUNDLE_LOADER = "$(TEST_HOST)";
				CODE_SIGN_STYLE = Automatic;
				COMBINE_HIDPI_IMAGES = YES;
				DEAD_CODE_STRIPPING = YES;
				INFOPLIST_FILE = MovesTests/Info.plist;
				LD_RUNPATH_SEARCH_PATHS = (
					"$(inherited)",
					"@executable_path/../Frameworks",
					"@loader_path/../Frameworks",
				);
				MACOSX_DEPLOYMENT_TARGET = 13.0;
				PRODUCT_BUNDLE_IDENTIFIER = com.brnbw.MovesTests;
				PRODUCT_NAME = "$(TARGET_NAME)";
				SWIFT_VERSION = 5.0;
				TEST_HOST = "$(BUILT_PRODUCTS_DIR)/Moves Dev.app/Contents/MacOS/Moves Dev";
			};
			name = Debug;
		};
		42B2A1722418317500CDEA5E /* Release */ = {
			isa = XCBuildConfiguration;
			buildSettings = {
				BUNDLE_LOADER = "$(TEST_HOST)";
				CODE_SIGN_STYLE = Automatic;
				COMBINE_HIDPI_IMAGES = YES;
				DEAD_CODE_STRIPPING = YES;
				INFOPLIST_FILE = MovesTests/Info.plist;
				LD_RUNPATH_SEARCH_PATHS = (
					"$(inherited)",
					"@executable_path/../Frameworks",
					"@loader_path/../Frameworks",
				);
				MACOSX_DEPLOYMENT_TARGET = 13.0;
				PRODUCT_BUNDLE_IDENTIFIER = com.brnbw.MovesTests;
				PRODUCT_NAME = "$(TARGET_NAME)";
				SWIFT_VERSION = 5.0;
				TEST_HOST = "$(BUILT_PRODUCTS_DIR)/Moves.app/Contents/MacOS/Moves";
			};
			name = Release;
		};
/* End XCBuildConfiguration section */

/* Begin XCConfigurationList section */
		42B2A14A2418317300CDEA5E /* Build configuration list for PBXProject "Moves" */ = {
			isa = XCConfigurationList;
			buildConfigurations = (
				42B2A16B2418317500CDEA5E /* Debug */,
				42B2A16C2418317500CDEA5E /* Release */,
			);
			defaultConfigurationIsVisible = 0;
			defaultConfigurationName = Release;
		};
		42B2A16D2418317500CDEA5E /* Build configuration list for PBXNativeTarget "Moves" */ = {
			isa = XCConfigurationList;
			buildConfigurations = (
				42B2A16E2418317500CDEA5E /* Debug */,
				42B2A16F2418317500CDEA5E /* Release */,
			);
			defaultConfigurationIsVisible = 0;
			defaultConfigurationName = Release;
		};
		42B2A1702418317500CDEA5E /* Build configuration list for PBXNativeTarget "MovesTests" */ = {
			isa = XCConfigurationList;
			buildConfigurations = (
				42B2A1712418317500CDEA5E /* Debug */,
				42B2A1722418317500CDEA5E /* Release */,
			);
			defaultConfigurationIsVisible = 0;
			defaultConfigurationName = Release;
		};
/* End XCConfigurationList section */

/* Begin XCRemoteSwiftPackageReference section */
		4215A97B241D970E00FA8CE8 /* XCRemoteSwiftPackageReference "Defaults" */ = {
			isa = XCRemoteSwiftPackageReference;
			repositoryURL = "https://github.com/sindresorhus/Defaults.git";
			requirement = {
				kind = upToNextMajorVersion;
				minimumVersion = 9.0.2;
			};
		};
		4227577D2C1B95B600773782 /* XCRemoteSwiftPackageReference "Settings" */ = {
			isa = XCRemoteSwiftPackageReference;
			repositoryURL = "https://github.com/sindresorhus/Settings";
			requirement = {
				kind = upToNextMajorVersion;
				minimumVersion = 3.1.1;
			};
		};
		424987E52768C0050056FBEB /* XCRemoteSwiftPackageReference "Sparkle" */ = {
			isa = XCRemoteSwiftPackageReference;
			repositoryURL = "https://github.com/sparkle-project/Sparkle";
			requirement = {
				kind = upToNextMajorVersion;
				minimumVersion = 2.0.0;
			};
		};
		42B2A1732418458400CDEA5E /* XCRemoteSwiftPackageReference "AXSwift" */ = {
			isa = XCRemoteSwiftPackageReference;
			repositoryURL = "https://github.com/tmandry/AXSwift.git";
			requirement = {
				kind = upToNextMajorVersion;
				minimumVersion = 0.3.0;
			};
		};
		42D6FA89255C1EC500623669 /* XCRemoteSwiftPackageReference "LaunchAtLogin-Modern" */ = {
			isa = XCRemoteSwiftPackageReference;
			repositoryURL = "https://github.com/sindresorhus/LaunchAtLogin-Modern";
			requirement = {
				kind = upToNextMajorVersion;
				minimumVersion = 1.0.0;
			};
		};
/* End XCRemoteSwiftPackageReference section */

/* Begin XCSwiftPackageProductDependency section */
		4215A97C241D970E00FA8CE8 /* Defaults */ = {
			isa = XCSwiftPackageProductDependency;
			package = 4215A97B241D970E00FA8CE8 /* XCRemoteSwiftPackageReference "Defaults" */;
			productName = Defaults;
		};
		4227577E2C1B95B600773782 /* Settings */ = {
			isa = XCSwiftPackageProductDependency;
			package = 4227577D2C1B95B600773782 /* XCRemoteSwiftPackageReference "Settings" */;
			productName = Settings;
		};
		424987E62768C0050056FBEB /* Sparkle */ = {
			isa = XCSwiftPackageProductDependency;
			package = 424987E52768C0050056FBEB /* XCRemoteSwiftPackageReference "Sparkle" */;
			productName = Sparkle;
		};
		42B2A1742418458400CDEA5E /* AXSwift */ = {
			isa = XCSwiftPackageProductDependency;
			package = 42B2A1732418458400CDEA5E /* XCRemoteSwiftPackageReference "AXSwift" */;
			productName = AXSwift;
		};
		42D6FA8A255C1EC500623669 /* LaunchAtLogin */ = {
			isa = XCSwiftPackageProductDependency;
			package = 42D6FA89255C1EC500623669 /* XCRemoteSwiftPackageReference "LaunchAtLogin-Modern" */;
			productName = LaunchAtLogin;
		};
/* End XCSwiftPackageProductDependency section */
	};
	rootObject = 42B2A1472418317300CDEA5E /* Project object */;
}
